// !$*UTF8*$!
{
	archiveVersion = 1;
	classes = {
	};
	objectVersion = 46;
	objects = {

/* Begin PBXBuildFile section */
		D6EFC0361D0D298E00DBDC40 /* AppDelegate.swift in Sources */ = {isa = PBXBuildFile; fileRef = D6EFC0351D0D298E00DBDC40 /* AppDelegate.swift */; };
		D6EFC0381D0D298E00DBDC40 /* ViewController.swift in Sources */ = {isa = PBXBuildFile; fileRef = D6EFC0371D0D298E00DBDC40 /* ViewController.swift */; };
		D6EFC03B1D0D298E00DBDC40 /* Main.storyboard in Resources */ = {isa = PBXBuildFile; fileRef = D6EFC0391D0D298E00DBDC40 /* Main.storyboard */; };
		D6EFC03D1D0D298E00DBDC40 /* Assets.xcassets in Resources */ = {isa = PBXBuildFile; fileRef = D6EFC03C1D0D298E00DBDC40 /* Assets.xcassets */; };
		D6EFC0401D0D298E00DBDC40 /* LaunchScreen.storyboard in Resources */ = {isa = PBXBuildFile; fileRef = D6EFC03E1D0D298E00DBDC40 /* LaunchScreen.storyboard */; };
		D6EFC0481D0D380100DBDC40 /* DragImage.swift in Sources */ = {isa = PBXBuildFile; fileRef = D6EFC0471D0D380100DBDC40 /* DragImage.swift */; };
		D6EFC04A1D0D3C7D00DBDC40 /* MonsterImage.swift in Sources */ = {isa = PBXBuildFile; fileRef = D6EFC0491D0D3C7D00DBDC40 /* MonsterImage.swift */; };
		D6EFC0501D0D4D9600DBDC40 /* bite.wav in Resources */ = {isa = PBXBuildFile; fileRef = D6EFC04B1D0D4D9600DBDC40 /* bite.wav */; };
		D6EFC0511D0D4D9600DBDC40 /* cave-music.mp3 in Resources */ = {isa = PBXBuildFile; fileRef = D6EFC04C1D0D4D9600DBDC40 /* cave-music.mp3 */; };
		D6EFC0521D0D4D9600DBDC40 /* death.wav in Resources */ = {isa = PBXBuildFile; fileRef = D6EFC04D1D0D4D9600DBDC40 /* death.wav */; };
		D6EFC0531D0D4D9600DBDC40 /* heart.wav in Resources */ = {isa = PBXBuildFile; fileRef = D6EFC04E1D0D4D9600DBDC40 /* heart.wav */; };
		D6EFC0541D0D4D9600DBDC40 /* skull.wav in Resources */ = {isa = PBXBuildFile; fileRef = D6EFC04F1D0D4D9600DBDC40 /* skull.wav */; };
/* End PBXBuildFile section */

/* Begin PBXFileReference section */
		D6EFC0321D0D298D00DBDC40 /* gigapet.app */ = {isa = PBXFileReference; explicitFileType = wrapper.application; includeInIndex = 0; path = gigapet.app; sourceTree = BUILT_PRODUCTS_DIR; };
		D6EFC0351D0D298E00DBDC40 /* AppDelegate.swift */ = {isa = PBXFileReference; lastKnownFileType = sourcecode.swift; path = AppDelegate.swift; sourceTree = "<group>"; };
		D6EFC0371D0D298E00DBDC40 /* ViewController.swift */ = {isa = PBXFileReference; lastKnownFileType = sourcecode.swift; path = ViewController.swift; sourceTree = "<group>"; };
		D6EFC03A1D0D298E00DBDC40 /* Base */ = {isa = PBXFileReference; lastKnownFileType = file.storyboard; name = Base; path = Base.lproj/Main.storyboard; sourceTree = "<group>"; };
		D6EFC03C1D0D298E00DBDC40 /* Assets.xcassets */ = {isa = PBXFileReference; lastKnownFileType = folder.assetcatalog; path = Assets.xcassets; sourceTree = "<group>"; };
		D6EFC03F1D0D298E00DBDC40 /* Base */ = {isa = PBXFileReference; lastKnownFileType = file.storyboard; name = Base; path = Base.lproj/LaunchScreen.storyboard; sourceTree = "<group>"; };
		D6EFC0411D0D298E00DBDC40 /* Info.plist */ = {isa = PBXFileReference; lastKnownFileType = text.plist.xml; path = Info.plist; sourceTree = "<group>"; };
		D6EFC0471D0D380100DBDC40 /* DragImage.swift */ = {isa = PBXFileReference; fileEncoding = 4; lastKnownFileType = sourcecode.swift; path = DragImage.swift; sourceTree = "<group>"; };
		D6EFC0491D0D3C7D00DBDC40 /* MonsterImage.swift */ = {isa = PBXFileReference; fileEncoding = 4; lastKnownFileType = sourcecode.swift; path = MonsterImage.swift; sourceTree = "<group>"; };
		D6EFC04B1D0D4D9600DBDC40 /* bite.wav */ = {isa = PBXFileReference; lastKnownFileType = audio.wav; path = bite.wav; sourceTree = "<group>"; };
		D6EFC04C1D0D4D9600DBDC40 /* cave-music.mp3 */ = {isa = PBXFileReference; lastKnownFileType = audio.mp3; path = "cave-music.mp3"; sourceTree = "<group>"; };
		D6EFC04D1D0D4D9600DBDC40 /* death.wav */ = {isa = PBXFileReference; lastKnownFileType = audio.wav; path = death.wav; sourceTree = "<group>"; };
		D6EFC04E1D0D4D9600DBDC40 /* heart.wav */ = {isa = PBXFileReference; lastKnownFileType = audio.wav; path = heart.wav; sourceTree = "<group>"; };
		D6EFC04F1D0D4D9600DBDC40 /* skull.wav */ = {isa = PBXFileReference; lastKnownFileType = audio.wav; path = skull.wav; sourceTree = "<group>"; };
/* End PBXFileReference section */

/* Begin PBXFrameworksBuildPhase section */
		D6EFC02F1D0D298D00DBDC40 /* Frameworks */ = {
			isa = PBXFrameworksBuildPhase;
			buildActionMask = 2147483647;
			files = (
			);
			runOnlyForDeploymentPostprocessing = 0;
		};
/* End PBXFrameworksBuildPhase section */

/* Begin PBXGroup section */
		D6EFC0291D0D298D00DBDC40 = {
			isa = PBXGroup;
			children = (
				D6EFC0341D0D298D00DBDC40 /* gigapet */,
				D6EFC0331D0D298D00DBDC40 /* Products */,
			);
			sourceTree = "<group>";
		};
		D6EFC0331D0D298D00DBDC40 /* Products */ = {
			isa = PBXGroup;
			children = (
				D6EFC0321D0D298D00DBDC40 /* gigapet.app */,
			);
			name = Products;
			sourceTree = "<group>";
		};
		D6EFC0341D0D298D00DBDC40 /* gigapet */ = {
			isa = PBXGroup;
			children = (
				D6EFC0351D0D298E00DBDC40 /* AppDelegate.swift */,
				D6EFC0371D0D298E00DBDC40 /* ViewController.swift */,
				D6EFC04B1D0D4D9600DBDC40 /* bite.wav */,
				D6EFC04C1D0D4D9600DBDC40 /* cave-music.mp3 */,
				D6EFC04D1D0D4D9600DBDC40 /* death.wav */,
				D6EFC04E1D0D4D9600DBDC40 /* heart.wav */,
				D6EFC04F1D0D4D9600DBDC40 /* skull.wav */,
				D6EFC0391D0D298E00DBDC40 /* Main.storyboard */,
				D6EFC03C1D0D298E00DBDC40 /* Assets.xcassets */,
				D6EFC03E1D0D298E00DBDC40 /* LaunchScreen.storyboard */,
				D6EFC0411D0D298E00DBDC40 /* Info.plist */,
				D6EFC0471D0D380100DBDC40 /* DragImage.swift */,
				D6EFC0491D0D3C7D00DBDC40 /* MonsterImage.swift */,
			);
			path = gigapet;
			sourceTree = "<group>";
		};
/* End PBXGroup section */

/* Begin PBXNativeTarget section */
		D6EFC0311D0D298D00DBDC40 /* gigapet */ = {
			isa = PBXNativeTarget;
			buildConfigurationList = D6EFC0441D0D298E00DBDC40 /* Build configuration list for PBXNativeTarget "gigapet" */;
			buildPhases = (
				D6EFC02E1D0D298D00DBDC40 /* Sources */,
				D6EFC02F1D0D298D00DBDC40 /* Frameworks */,
				D6EFC0301D0D298D00DBDC40 /* Resources */,
			);
			buildRules = (
			);
			dependencies = (
			);
			name = gigapet;
			productName = gigapet;
			productReference = D6EFC0321D0D298D00DBDC40 /* gigapet.app */;
			productType = "com.apple.product-type.application";
		};
/* End PBXNativeTarget section */

/* Begin PBXProject section */
		D6EFC02A1D0D298D00DBDC40 /* Project object */ = {
			isa = PBXProject;
			attributes = {
				LastSwiftUpdateCheck = 0730;
				LastUpgradeCheck = 0730;
				ORGANIZATIONNAME = bromodachi;
				TargetAttributes = {
					D6EFC0311D0D298D00DBDC40 = {
						CreatedOnToolsVersion = 7.3.1;
						DevelopmentTeam = 7WLPHTSD6U;
					};
				};
			};
			buildConfigurationList = D6EFC02D1D0D298D00DBDC40 /* Build configuration list for PBXProject "gigapet" */;
			compatibilityVersion = "Xcode 3.2";
			developmentRegion = English;
			hasScannedForEncodings = 0;
			knownRegions = (
				en,
				Base,
			);
			mainGroup = D6EFC0291D0D298D00DBDC40;
			productRefGroup = D6EFC0331D0D298D00DBDC40 /* Products */;
			projectDirPath = "";
			projectRoot = "";
			targets = (
				D6EFC0311D0D298D00DBDC40 /* gigapet */,
			);
		};
/* End PBXProject section */

/* Begin PBXResourcesBuildPhase section */
		D6EFC0301D0D298D00DBDC40 /* Resources */ = {
			isa = PBXResourcesBuildPhase;
			buildActionMask = 2147483647;
			files = (
				D6EFC0541D0D4D9600DBDC40 /* skull.wav in Resources */,
				D6EFC0501D0D4D9600DBDC40 /* bite.wav in Resources */,
				D6EFC0521D0D4D9600DBDC40 /* death.wav in Resources */,
				D6EFC0531D0D4D9600DBDC40 /* heart.wav in Resources */,
				D6EFC0511D0D4D9600DBDC40 /* cave-music.mp3 in Resources */,
				D6EFC0401D0D298E00DBDC40 /* LaunchScreen.storyboard in Resources */,
				D6EFC03D1D0D298E00DBDC40 /* Assets.xcassets in Resources */,
				D6EFC03B1D0D298E00DBDC40 /* Main.storyboard in Resources */,
			);
			runOnlyForDeploymentPostprocessing = 0;
		};
/* End PBXResourcesBuildPhase section */

/* Begin PBXSourcesBuildPhase section */
		D6EFC02E1D0D298D00DBDC40 /* Sources */ = {
			isa = PBXSourcesBuildPhase;
			buildActionMask = 2147483647;
			files = (
				D6EFC04A1D0D3C7D00DBDC40 /* MonsterImage.swift in Sources */,
				D6EFC0381D0D298E00DBDC40 /* ViewController.swift in Sources */,
				D6EFC0481D0D380100DBDC40 /* DragImage.swift in Sources */,
				D6EFC0361D0D298E00DBDC40 /* AppDelegate.swift in Sources */,
			);
			runOnlyForDeploymentPostprocessing = 0;
		};
/* End PBXSourcesBuildPhase section */

/* Begin PBXVariantGroup section */
		D6EFC0391D0D298E00DBDC40 /* Main.storyboard */ = {
			isa = PBXVariantGroup;
			children = (
				D6EFC03A1D0D298E00DBDC40 /* Base */,
			);
			name = Main.storyboard;
			sourceTree = "<group>";
		};
		D6EFC03E1D0D298E00DBDC40 /* LaunchScreen.storyboard */ = {
			isa = PBXVariantGroup;
			children = (
				D6EFC03F1D0D298E00DBDC40 /* Base */,
			);
			name = LaunchScreen.storyboard;
			sourceTree = "<group>";
		};
/* End PBXVariantGroup section */

/* Begin XCBuildConfiguration section */
		D6EFC0421D0D298E00DBDC40 /* Debug */ = {
			isa = XCBuildConfiguration;
			buildSettings = {
				ALWAYS_SEARCH_USER_PATHS = NO;
				CLANG_ANALYZER_NONNULL = YES;
				CLANG_CXX_LANGUAGE_STANDARD = "gnu++0x";
				CLANG_CXX_LIBRARY = "libc++";
				CLANG_ENABLE_MODULES = YES;
				CLANG_ENABLE_OBJC_ARC = YES;
				CLANG_WARN_BOOL_CONVERSION = YES;
				CLANG_WARN_CONSTANT_CONVERSION = YES;
				CLANG_WARN_DIRECT_OBJC_ISA_USAGE = YES_ERROR;
				CLANG_WARN_EMPTY_BODY = YES;
				CLANG_WARN_ENUM_CONVERSION = YES;
				CLANG_WARN_INT_CONVERSION = YES;
				CLANG_WARN_OBJC_ROOT_CLASS = YES_ERROR;
				CLANG_WARN_UNREACHABLE_CODE = YES;
				CLANG_WARN__DUPLICATE_METHOD_MATCH = YES;
				"CODE_SIGN_IDENTITY[sdk=iphoneos*]" = "iPhone Developer";
				COPY_PHASE_STRIP = NO;
				DEBUG_INFORMATION_FORMAT = dwarf;
				ENABLE_STRICT_OBJC_MSGSEND = YES;
				ENABLE_TESTABILITY = YES;
				GCC_C_LANGUAGE_STANDARD = gnu99;
				GCC_DYNAMIC_NO_PIC = NO;
				GCC_NO_COMMON_BLOCKS = YES;
				GCC_OPTIMIZATION_LEVEL = 0;
				GCC_PREPROCESSOR_DEFINITIONS = (
					"DEBUG=1",
					"$(inherited)",
				);
				GCC_WARN_64_TO_32_BIT_CONVERSION = YES;
				GCC_WARN_ABOUT_RETURN_TYPE = YES_ERROR;
				GCC_WARN_UNDECLARED_SELECTOR = YES;
				GCC_WARN_UNINITIALIZED_AUTOS = YES_AGGRESSIVE;
				GCC_WARN_UNUSED_FUNCTION = YES;
				GCC_WARN_UNUSED_VARIABLE = YES;
				IPHONEOS_DEPLOYMENT_TARGET = 9.3;
				MTL_ENABLE_DEBUG_INFO = YES;
				ONLY_ACTIVE_ARCH = YES;
				SDKROOT = iphoneos;
				SWIFT_OPTIMIZATION_LEVEL = "-Onone";
				TARGETED_DEVICE_FAMILY = "1,2";
			};
			name = Debug;
		};
		D6EFC0431D0D298E00DBDC40 /* Release */ = {
			isa = XCBuildConfiguration;
			buildSettings = {
				ALWAYS_SEARCH_USER_PATHS = NO;
				CLANG_ANALYZER_NONNULL = YES;
				CLANG_CXX_LANGUAGE_STANDARD = "gnu++0x";
				CLANG_CXX_LIBRARY = "libc++";
				CLANG_ENABLE_MODULES = YES;
				CLANG_ENABLE_OBJC_ARC = YES;
				CLANG_WARN_BOOL_CONVERSION = YES;
				CLANG_WARN_CONSTANT_CONVERSION = YES;
				CLANG_WARN_DIRECT_OBJC_ISA_USAGE = YES_ERROR;
				CLANG_WARN_EMPTY_BODY = YES;
				CLANG_WARN_ENUM_CONVERSION = YES;
				CLANG_WARN_INT_CONVERSION = YES;
				CLANG_WARN_OBJC_ROOT_CLASS = YES_ERROR;
				CLANG_WARN_UNREACHABLE_CODE = YES;
				CLANG_WARN__DUPLICATE_METHOD_MATCH = YES;
				"CODE_SIGN_IDENTITY[sdk=iphoneos*]" = "iPhone Developer";
				COPY_PHASE_STRIP = NO;
				DEBUG_INFORMATION_FORMAT = "dwarf-with-dsym";
				ENABLE_NS_ASSERTIONS = NO;
				ENABLE_STRICT_OBJC_MSGSEND = YES;
				GCC_C_LANGUAGE_STANDARD = gnu99;
				GCC_NO_COMMON_BLOCKS = YES;
				GCC_WARN_64_TO_32_BIT_CONVERSION = YES;
				GCC_WARN_ABOUT_RETURN_TYPE = YES_ERROR;
				GCC_WARN_UNDECLARED_SELECTOR = YES;
				GCC_WARN_UNINITIALIZED_AUTOS = YES_AGGRESSIVE;
				GCC_WARN_UNUSED_FUNCTION = YES;
				GCC_WARN_UNUSED_VARIABLE = YES;
				IPHONEOS_DEPLOYMENT_TARGET = 9.3;
				MTL_ENABLE_DEBUG_INFO = NO;
				SDKROOT = iphoneos;
				TARGETED_DEVICE_FAMILY = "1,2";
				VALIDATE_PRODUCT = YES;
			};
			name = Release;
		};
		D6EFC0451D0D298E00DBDC40 /* Debug */ = {
			isa = XCBuildConfiguration;
			buildSettings = {
				ASSETCATALOG_COMPILER_APPICON_NAME = AppIcon;
				CODE_SIGN_IDENTITY = "iPhone Developer";
				"CODE_SIGN_IDENTITY[sdk=iphoneos*]" = "iPhone Developer";
				INFOPLIST_FILE = gigapet/Info.plist;
				LD_RUNPATH_SEARCH_PATHS = "$(inherited) @executable_path/Frameworks";
				PRODUCT_BUNDLE_IDENTIFIER = bromodachi.gigapet;
				PRODUCT_NAME = "$(TARGET_NAME)";
				PROVISIONING_PROFILE = "";
			};
			name = Debug;
		};
		D6EFC0461D0D298E00DBDC40 /* Release */ = {
			isa = XCBuildConfiguration;
			buildSettings = {
				ASSETCATALOG_COMPILER_APPICON_NAME = AppIcon;
				CODE_SIGN_IDENTITY = "iPhone Developer";
				"CODE_SIGN_IDENTITY[sdk=iphoneos*]" = "iPhone Developer";
				INFOPLIST_FILE = gigapet/Info.plist;
				LD_RUNPATH_SEARCH_PATHS = "$(inherited) @executable_path/Frameworks";
				PRODUCT_BUNDLE_IDENTIFIER = bromodachi.gigapet;
				PRODUCT_NAME = "$(TARGET_NAME)";
				PROVISIONING_PROFILE = "";
			};
			name = Release;
		};
/* End XCBuildConfiguration section */

/* Begin XCConfigurationList section */
		D6EFC02D1D0D298D00DBDC40 /* Build configuration list for PBXProject "gigapet" */ = {
			isa = XCConfigurationList;
			buildConfigurations = (
				D6EFC0421D0D298E00DBDC40 /* Debug */,
				D6EFC0431D0D298E00DBDC40 /* Release */,
			);
			defaultConfigurationIsVisible = 0;
			defaultConfigurationName = Release;
		};
		D6EFC0441D0D298E00DBDC40 /* Build configuration list for PBXNativeTarget "gigapet" */ = {
			isa = XCConfigurationList;
			buildConfigurations = (
				D6EFC0451D0D298E00DBDC40 /* Debug */,
				D6EFC0461D0D298E00DBDC40 /* Release */,
			);
			defaultConfigurationIsVisible = 0;
		};
/* End XCConfigurationList section */
	};
	rootObject = D6EFC02A1D0D298D00DBDC40 /* Project object */;
}
